<Solution>
  <Folder Name="/src/">
    <Project Path="src/Meitou.Core/Meitou.Core.csproj" />
    <Project Path="src/Meitou.Data/Meitou.Data.csproj" />
    <Project Path="src/Meitou.Engine/Meitou.Engine.csproj" />
    <Project Path="src/Meitou.Game/Meitou.Game.csproj" />
    <Project Path="src/Meitou.Rendering.Display/Meitou.Rendering.Display.csproj" />
    <Project Path="src/Meitou.Rendering/Meitou.Rendering.csproj" />
    <Project Path="src/Meitou.Simulation/Meitou.Simulation.csproj" />
  </Folder>
  <Folder Name="/tests/">
    <Project Path="tests/Meitou.Tests/Meitou.Tests.csproj" />
  </Folder>
  <Folder Name="/tools/">
    <Project Path="tools/Meitou.ModelViewer/Meitou.ModelViewer.csproj" />
    <Project Path="tools/Meitou.Tools/Meitou.Tools.csproj" />
  </Folder>
</Solution>
